
Microsoft Visual Studio Solution File, Format Version 12.00
# Visual Studio Version 16
VisualStudioVersion = 16.0.31005.135
MinimumVisualStudioVersion = 10.0.40219.1
Project("{FAE04EC0-301F-11D3-BF4B-00C04F79EFBC}") = "ClassMetotDemo", "ClassMetotDemo\ClassMetotDemo.csproj", "{5116B5B0-7A36-477A-8F03-08514D87FA30}"
EndProject
Project("{FAE04EC0-301F-11D3-BF4B-00C04F79EFBC}") = "MyDictionary", "MyDictionary\MyDictionary.csproj", "{DB5CF546-CD2B-43F5-AA96-55482E5EFA01}"
EndProject
Global
	GlobalSection(SolutionConfigurationPlatforms) = preSolution
		Debug|Any CPU = Debug|Any CPU
		Release|Any CPU = Release|Any CPU
	EndGlobalSection
	GlobalSection(ProjectConfigurationPlatforms) = postSolution
		{5116B5B0-7A36-477A-8F03-08514D87FA30}.Debug|Any CPU.ActiveCfg = Debug|Any CPU
		{5116B5B0-7A36-477A-8F03-08514D87FA30}.Debug|Any CPU.Build.0 = Debug|Any CPU
		{5116B5B0-7A36-477A-8F03-08514D87FA30}.Release|Any CPU.ActiveCfg = Release|Any CPU
		{5116B5B0-7A36-477A-8F03-08514D87FA30}.Release|Any CPU.Build.0 = Release|Any CPU
		{DB5CF546-CD2B-43F5-AA96-55482E5EFA01}.Debug|Any CPU.ActiveCfg = Debug|Any CPU
		{DB5CF546-CD2B-43F5-AA96-55482E5EFA01}.Debug|Any CPU.Build.0 = Debug|Any CPU
		{DB5CF546-CD2B-43F5-AA96-55482E5EFA01}.Release|Any CPU.ActiveCfg = Release|Any CPU
		{DB5CF546-CD2B-43F5-AA96-55482E5EFA01}.Release|Any CPU.Build.0 = Release|Any CPU
	EndGlobalSection
	GlobalSection(SolutionProperties) = preSolution
		HideSolutionNode = FALSE
	EndGlobalSection
	GlobalSection(ExtensibilityGlobals) = postSolution
		SolutionGuid = {C568E48F-AE40-4142-B91F-015AD9081AC9}
	EndGlobalSection
EndGlobal
